
Microsoft Visual Studio Solution File, Format Version 12.00
# Visual Studio 2012
Project("{FAE04EC0-301F-11D3-BF4B-00C04F79EFBC}") = "KinectMouseControl", "KinectMouseControl\KinectMouseControl.csproj", "{64D40836-F067-4DD1-82B9-2D2A0A588CA3}"
EndProject
Project("{FAE04EC0-301F-11D3-BF4B-00C04F79EFBC}") = "NotifyIconWpf", "..\..\..\..\..\Users\NICO\Downloads\wpf-notifyicon\wpf-notifyicon\NotifyIconWpf\NotifyIconWpf.csproj", "{7AC63864-7638-41C4-969C-D3197EF2BED9}"
EndProject
Global
	GlobalSection(SolutionConfigurationPlatforms) = preSolution
		Debug|Any CPU = Debug|Any CPU
		Release|Any CPU = Release|Any CPU
	EndGlobalSection
	GlobalSection(ProjectConfigurationPlatforms) = postSolution
		{64D40836-F067-4DD1-82B9-2D2A0A588CA3}.Debug|Any CPU.ActiveCfg = Debug|Any CPU
		{64D40836-F067-4DD1-82B9-2D2A0A588CA3}.Debug|Any CPU.Build.0 = Debug|Any CPU
		{64D40836-F067-4DD1-82B9-2D2A0A588CA3}.Release|Any CPU.ActiveCfg = Release|Any CPU
		{64D40836-F067-4DD1-82B9-2D2A0A588CA3}.Release|Any CPU.Build.0 = Release|Any CPU
		{7AC63864-7638-41C4-969C-D3197EF2BED9}.Debug|Any CPU.ActiveCfg = Debug|Any CPU
		{7AC63864-7638-41C4-969C-D3197EF2BED9}.Debug|Any CPU.Build.0 = Debug|Any CPU
		{7AC63864-7638-41C4-969C-D3197EF2BED9}.Release|Any CPU.ActiveCfg = Release|Any CPU
		{7AC63864-7638-41C4-969C-D3197EF2BED9}.Release|Any CPU.Build.0 = Release|Any CPU
	EndGlobalSection
	GlobalSection(SolutionProperties) = preSolution
		HideSolutionNode = FALSE
	EndGlobalSection
EndGlobal
